
Microsoft Visual Studio Solution File, Format Version 12.00
# Visual Studio Version 16
VisualStudioVersion = 16.0.31829.152
MinimumVisualStudioVersion = 10.0.40219.1
Project("{FAE04EC0-301F-11D3-BF4B-00C04F79EFBC}") = "Library2.0", "Library2.0\Library2.0.csproj", "{26F86C9E-FEB0-46C2-A07B-992941CF669F}"
EndProject
Project("{2150E333-8FDC-42A3-9474-1A3956D46DE8}") = "Models", "Models", "{1E977D05-EBBE-435F-B019-E2B4B2E94A31}"
EndProject
Project("{2150E333-8FDC-42A3-9474-1A3956D46DE8}") = "Views", "Views", "{E7475165-AAD5-48E2-BB71-33BB35D2B623}"
EndProject
Project("{2150E333-8FDC-42A3-9474-1A3956D46DE8}") = "Presenters", "Presenters", "{281B71AC-E078-4FE4-932F-D9E012CDC00C}"
EndProject
Project("{2150E333-8FDC-42A3-9474-1A3956D46DE8}") = "Business", "Business", "{605137FE-0983-4151-91B3-40F63CAF6065}"
EndProject
Project("{2150E333-8FDC-42A3-9474-1A3956D46DE8}") = "DAO", "DAO", "{A4C49072-2457-4D76-941B-42D2E6F703F5}"
EndProject
Project("{2150E333-8FDC-42A3-9474-1A3956D46DE8}") = "Data", "Data", "{ABA4AA52-602C-4A81-A4AA-2F9FEB2E83D4}"
EndProject
Project("{FAE04EC0-301F-11D3-BF4B-00C04F79EFBC}") = "Business", "Business\Business.csproj", "{3BA3C3E0-4852-48AF-8652-FB91E5ADA8FD}"
EndProject
Project("{FAE04EC0-301F-11D3-BF4B-00C04F79EFBC}") = "DAO", "DAO\DAO.csproj", "{3B3DF0BE-A660-4C8D-AB88-BE09B167EDFC}"
EndProject
Project("{FAE04EC0-301F-11D3-BF4B-00C04F79EFBC}") = "Data", "Data\Data.csproj", "{74EE3FC1-D2DC-4082-B0F6-1AEC472962EC}"
EndProject
Project("{2150E333-8FDC-42A3-9474-1A3956D46DE8}") = "Model", "Model", "{C389C29A-E553-4F09-B405-91FE94F6092D}"
EndProject
Project("{FAE04EC0-301F-11D3-BF4B-00C04F79EFBC}") = "Model", "Model\Model.csproj", "{7C9FA012-D397-4093-879D-5DDF49F946D5}"
EndProject
Project("{FAE04EC0-301F-11D3-BF4B-00C04F79EFBC}") = "Presenter", "Presenter\Presenter.csproj", "{6057AB72-96D3-48BD-9CAD-0A9D8CFC1676}"
EndProject
Project("{FAE04EC0-301F-11D3-BF4B-00C04F79EFBC}") = "View", "View\View.csproj", "{C9575CA9-35D2-4CBC-8FC0-B2FD3FCBDD40}"
EndProject
Project("{2150E333-8FDC-42A3-9474-1A3956D46DE8}") = "Library", "Library", "{431BE427-CB3A-4D24-8FAD-233B5BFEFFE3}"
EndProject
Project("{2150E333-8FDC-42A3-9474-1A3956D46DE8}") = "View", "View", "{671107D0-46D4-4B53-A026-722A978BC7DA}"
EndProject
Global
	GlobalSection(SolutionConfigurationPlatforms) = preSolution
		Debug|Any CPU = Debug|Any CPU
		Release|Any CPU = Release|Any CPU
	EndGlobalSection
	GlobalSection(ProjectConfigurationPlatforms) = postSolution
		{26F86C9E-FEB0-46C2-A07B-992941CF669F}.Debug|Any CPU.ActiveCfg = Debug|Any CPU
		{26F86C9E-FEB0-46C2-A07B-992941CF669F}.Debug|Any CPU.Build.0 = Debug|Any CPU
		{26F86C9E-FEB0-46C2-A07B-992941CF669F}.Release|Any CPU.ActiveCfg = Release|Any CPU
		{26F86C9E-FEB0-46C2-A07B-992941CF669F}.Release|Any CPU.Build.0 = Release|Any CPU
		{3BA3C3E0-4852-48AF-8652-FB91E5ADA8FD}.Debug|Any CPU.ActiveCfg = Debug|Any CPU
		{3BA3C3E0-4852-48AF-8652-FB91E5ADA8FD}.Debug|Any CPU.Build.0 = Debug|Any CPU
		{3BA3C3E0-4852-48AF-8652-FB91E5ADA8FD}.Release|Any CPU.ActiveCfg = Release|Any CPU
		{3BA3C3E0-4852-48AF-8652-FB91E5ADA8FD}.Release|Any CPU.Build.0 = Release|Any CPU
		{3B3DF0BE-A660-4C8D-AB88-BE09B167EDFC}.Debug|Any CPU.ActiveCfg = Debug|Any CPU
		{3B3DF0BE-A660-4C8D-AB88-BE09B167EDFC}.Debug|Any CPU.Build.0 = Debug|Any CPU
		{3B3DF0BE-A660-4C8D-AB88-BE09B167EDFC}.Release|Any CPU.ActiveCfg = Release|Any CPU
		{3B3DF0BE-A660-4C8D-AB88-BE09B167EDFC}.Release|Any CPU.Build.0 = Release|Any CPU
		{74EE3FC1-D2DC-4082-B0F6-1AEC472962EC}.Debug|Any CPU.ActiveCfg = Debug|Any CPU
		{74EE3FC1-D2DC-4082-B0F6-1AEC472962EC}.Debug|Any CPU.Build.0 = Debug|Any CPU
		{74EE3FC1-D2DC-4082-B0F6-1AEC472962EC}.Release|Any CPU.ActiveCfg = Release|Any CPU
		{74EE3FC1-D2DC-4082-B0F6-1AEC472962EC}.Release|Any CPU.Build.0 = Release|Any CPU
		{7C9FA012-D397-4093-879D-5DDF49F946D5}.Debug|Any CPU.ActiveCfg = Debug|Any CPU
		{7C9FA012-D397-4093-879D-5DDF49F946D5}.Debug|Any CPU.Build.0 = Debug|Any CPU
		{7C9FA012-D397-4093-879D-5DDF49F946D5}.Release|Any CPU.ActiveCfg = Release|Any CPU
		{7C9FA012-D397-4093-879D-5DDF49F946D5}.Release|Any CPU.Build.0 = Release|Any CPU
		{6057AB72-96D3-48BD-9CAD-0A9D8CFC1676}.Debug|Any CPU.ActiveCfg = Debug|Any CPU
		{6057AB72-96D3-48BD-9CAD-0A9D8CFC1676}.Debug|Any CPU.Build.0 = Debug|Any CPU
		{6057AB72-96D3-48BD-9CAD-0A9D8CFC1676}.Release|Any CPU.ActiveCfg = Release|Any CPU
		{6057AB72-96D3-48BD-9CAD-0A9D8CFC1676}.Release|Any CPU.Build.0 = Release|Any CPU
		{C9575CA9-35D2-4CBC-8FC0-B2FD3FCBDD40}.Debug|Any CPU.ActiveCfg = Debug|Any CPU
		{C9575CA9-35D2-4CBC-8FC0-B2FD3FCBDD40}.Debug|Any CPU.Build.0 = Debug|Any CPU
		{C9575CA9-35D2-4CBC-8FC0-B2FD3FCBDD40}.Release|Any CPU.ActiveCfg = Release|Any CPU
		{C9575CA9-35D2-4CBC-8FC0-B2FD3FCBDD40}.Release|Any CPU.Build.0 = Release|Any CPU
	EndGlobalSection
	GlobalSection(SolutionProperties) = preSolution
		HideSolutionNode = FALSE
	EndGlobalSection
	GlobalSection(NestedProjects) = preSolution
		{26F86C9E-FEB0-46C2-A07B-992941CF669F} = {431BE427-CB3A-4D24-8FAD-233B5BFEFFE3}
		{605137FE-0983-4151-91B3-40F63CAF6065} = {1E977D05-EBBE-435F-B019-E2B4B2E94A31}
		{A4C49072-2457-4D76-941B-42D2E6F703F5} = {1E977D05-EBBE-435F-B019-E2B4B2E94A31}
		{ABA4AA52-602C-4A81-A4AA-2F9FEB2E83D4} = {1E977D05-EBBE-435F-B019-E2B4B2E94A31}
		{3BA3C3E0-4852-48AF-8652-FB91E5ADA8FD} = {605137FE-0983-4151-91B3-40F63CAF6065}
		{3B3DF0BE-A660-4C8D-AB88-BE09B167EDFC} = {A4C49072-2457-4D76-941B-42D2E6F703F5}
		{74EE3FC1-D2DC-4082-B0F6-1AEC472962EC} = {ABA4AA52-602C-4A81-A4AA-2F9FEB2E83D4}
		{C389C29A-E553-4F09-B405-91FE94F6092D} = {1E977D05-EBBE-435F-B019-E2B4B2E94A31}
		{7C9FA012-D397-4093-879D-5DDF49F946D5} = {C389C29A-E553-4F09-B405-91FE94F6092D}
		{6057AB72-96D3-48BD-9CAD-0A9D8CFC1676} = {281B71AC-E078-4FE4-932F-D9E012CDC00C}
		{C9575CA9-35D2-4CBC-8FC0-B2FD3FCBDD40} = {671107D0-46D4-4B53-A026-722A978BC7DA}
		{431BE427-CB3A-4D24-8FAD-233B5BFEFFE3} = {E7475165-AAD5-48E2-BB71-33BB35D2B623}
		{671107D0-46D4-4B53-A026-722A978BC7DA} = {E7475165-AAD5-48E2-BB71-33BB35D2B623}
	EndGlobalSection
	GlobalSection(ExtensibilityGlobals) = postSolution
		SolutionGuid = {8B2C4AD0-370C-444B-8193-C9DE58B1F75F}
	EndGlobalSection
EndGlobal
